// !$*UTF8*$!
{
	archiveVersion = 1;
	classes = {
	};
	objectVersion = 46;
	objects = {

/* Begin PBXBuildFile section */
		91B4A7E04DE9FF0219D2447F /* Pods_FinancesApp.framework in Frameworks */ = {isa = PBXBuildFile; fileRef = 60C03B105745BA6FD5D8F5B3 /* Pods_FinancesApp.framework */; };
		BA02DD821BF91AE10028417D /* TransactionModel.swift in Sources */ = {isa = PBXBuildFile; fileRef = BA02DD811BF91AE10028417D /* TransactionModel.swift */; };
		BA02DD861BF91D060028417D /* TransactionGatewayProtocol.swift in Sources */ = {isa = PBXBuildFile; fileRef = BA02DD851BF91D060028417D /* TransactionGatewayProtocol.swift */; };
		BA02DD881BF91E0A0028417D /* TransactionGatewayInMemory.swift in Sources */ = {isa = PBXBuildFile; fileRef = BA02DD871BF91E0A0028417D /* TransactionGatewayInMemory.swift */; };
		BA4955901BDC372100169B4D /* NewCategoryTableViewController.swift in Sources */ = {isa = PBXBuildFile; fileRef = BA49558F1BDC372100169B4D /* NewCategoryTableViewController.swift */; };
		BAB4D20A1BF2D97C00663D9E /* TransactionGatewayInMemoryTests.swift in Sources */ = {isa = PBXBuildFile; fileRef = BAB4D2091BF2D97B00663D9E /* TransactionGatewayInMemoryTests.swift */; };
		BAC12CE61BE233AF00AB3A31 /* TransactionsCollectionViewController.swift in Sources */ = {isa = PBXBuildFile; fileRef = BAC12CE51BE233AF00AB3A31 /* TransactionsCollectionViewController.swift */; };
		BAC12CE91BE23E7500AB3A31 /* Random.swift in Sources */ = {isa = PBXBuildFile; fileRef = BAC12CE81BE23E7500AB3A31 /* Random.swift */; };
		BAF8A3FB1BD57C5A00443384 /* AppDelegate.swift in Sources */ = {isa = PBXBuildFile; fileRef = BAF8A3FA1BD57C5A00443384 /* AppDelegate.swift */; };
		BAF8A4001BD57C5A00443384 /* Main.storyboard in Resources */ = {isa = PBXBuildFile; fileRef = BAF8A3FE1BD57C5A00443384 /* Main.storyboard */; };
		BAF8A4021BD57C5A00443384 /* Assets.xcassets in Resources */ = {isa = PBXBuildFile; fileRef = BAF8A4011BD57C5A00443384 /* Assets.xcassets */; };
		BAF8A4051BD57C5A00443384 /* LaunchScreen.storyboard in Resources */ = {isa = PBXBuildFile; fileRef = BAF8A4031BD57C5A00443384 /* LaunchScreen.storyboard */; };
		BAF8A4101BD57C5A00443384 /* CategoryGatewayInMemoryTests.swift in Sources */ = {isa = PBXBuildFile; fileRef = BAF8A40F1BD57C5A00443384 /* CategoryGatewayInMemoryTests.swift */; };
		BAF8A41B1BD57C5A00443384 /* FinancesAppUITests.swift in Sources */ = {isa = PBXBuildFile; fileRef = BAF8A41A1BD57C5A00443384 /* FinancesAppUITests.swift */; };
		BAF8A42B1BD5814700443384 /* CategoryModel.swift in Sources */ = {isa = PBXBuildFile; fileRef = BAF8A42A1BD5814700443384 /* CategoryModel.swift */; };
		BAF8A42E1BD5899900443384 /* CategoryGatewayProtocol.swift in Sources */ = {isa = PBXBuildFile; fileRef = BAF8A42D1BD5899900443384 /* CategoryGatewayProtocol.swift */; };
		BAF8A4361BD58ADD00443384 /* ListCategoriesTableViewController.swift in Sources */ = {isa = PBXBuildFile; fileRef = BAF8A4351BD58ADD00443384 /* ListCategoriesTableViewController.swift */; };
		BAF8A4391BD597DC00443384 /* CategoryGatewayInMemory.swift in Sources */ = {isa = PBXBuildFile; fileRef = BAF8A4381BD597DC00443384 /* CategoryGatewayInMemory.swift */; };
/* End PBXBuildFile section */

/* Begin PBXContainerItemProxy section */
		BAF8A40C1BD57C5A00443384 /* PBXContainerItemProxy */ = {
			isa = PBXContainerItemProxy;
			containerPortal = BAF8A3EF1BD57C5A00443384 /* Project object */;
			proxyType = 1;
			remoteGlobalIDString = BAF8A3F61BD57C5A00443384;
			remoteInfo = FinancesApp;
		};
		BAF8A4171BD57C5A00443384 /* PBXContainerItemProxy */ = {
			isa = PBXContainerItemProxy;
			containerPortal = BAF8A3EF1BD57C5A00443384 /* Project object */;
			proxyType = 1;
			remoteGlobalIDString = BAF8A3F61BD57C5A00443384;
			remoteInfo = FinancesApp;
		};
/* End PBXContainerItemProxy section */

/* Begin PBXFileReference section */
		0ABAD6067BC1FC3B7F990D60 /* Pods-FinancesApp.debug.xcconfig */ = {isa = PBXFileReference; includeInIndex = 1; lastKnownFileType = text.xcconfig; name = "Pods-FinancesApp.debug.xcconfig"; path = "Pods/Target Support Files/Pods-FinancesApp/Pods-FinancesApp.debug.xcconfig"; sourceTree = "<group>"; };
		42D38624ED9862FAC03CC326 /* Pods-FinancesApp.release.xcconfig */ = {isa = PBXFileReference; includeInIndex = 1; lastKnownFileType = text.xcconfig; name = "Pods-FinancesApp.release.xcconfig"; path = "Pods/Target Support Files/Pods-FinancesApp/Pods-FinancesApp.release.xcconfig"; sourceTree = "<group>"; };
		60C03B105745BA6FD5D8F5B3 /* Pods_FinancesApp.framework */ = {isa = PBXFileReference; explicitFileType = wrapper.framework; includeInIndex = 0; path = Pods_FinancesApp.framework; sourceTree = BUILT_PRODUCTS_DIR; };
		BA02DD811BF91AE10028417D /* TransactionModel.swift */ = {isa = PBXFileReference; fileEncoding = 4; lastKnownFileType = sourcecode.swift; path = TransactionModel.swift; sourceTree = "<group>"; };
		BA02DD851BF91D060028417D /* TransactionGatewayProtocol.swift */ = {isa = PBXFileReference; fileEncoding = 4; lastKnownFileType = sourcecode.swift; path = TransactionGatewayProtocol.swift; sourceTree = "<group>"; };
		BA02DD871BF91E0A0028417D /* TransactionGatewayInMemory.swift */ = {isa = PBXFileReference; fileEncoding = 4; lastKnownFileType = sourcecode.swift; path = TransactionGatewayInMemory.swift; sourceTree = "<group>"; };
		BA49558F1BDC372100169B4D /* NewCategoryTableViewController.swift */ = {isa = PBXFileReference; fileEncoding = 4; lastKnownFileType = sourcecode.swift; path = NewCategoryTableViewController.swift; sourceTree = "<group>"; };
		BAB4D2091BF2D97B00663D9E /* TransactionGatewayInMemoryTests.swift */ = {isa = PBXFileReference; fileEncoding = 4; lastKnownFileType = sourcecode.swift; path = TransactionGatewayInMemoryTests.swift; sourceTree = "<group>"; };
		BAC12CE51BE233AF00AB3A31 /* TransactionsCollectionViewController.swift */ = {isa = PBXFileReference; fileEncoding = 4; lastKnownFileType = sourcecode.swift; path = TransactionsCollectionViewController.swift; sourceTree = "<group>"; };
		BAC12CE81BE23E7500AB3A31 /* Random.swift */ = {isa = PBXFileReference; fileEncoding = 4; lastKnownFileType = sourcecode.swift; path = Random.swift; sourceTree = "<group>"; };
		BAF8A3F71BD57C5A00443384 /* FinancesApp.app */ = {isa = PBXFileReference; explicitFileType = wrapper.application; includeInIndex = 0; path = FinancesApp.app; sourceTree = BUILT_PRODUCTS_DIR; };
		BAF8A3FA1BD57C5A00443384 /* AppDelegate.swift */ = {isa = PBXFileReference; lastKnownFileType = sourcecode.swift; path = AppDelegate.swift; sourceTree = "<group>"; };
		BAF8A3FF1BD57C5A00443384 /* Base */ = {isa = PBXFileReference; lastKnownFileType = file.storyboard; name = Base; path = Base.lproj/Main.storyboard; sourceTree = "<group>"; };
		BAF8A4011BD57C5A00443384 /* Assets.xcassets */ = {isa = PBXFileReference; lastKnownFileType = folder.assetcatalog; path = Assets.xcassets; sourceTree = "<group>"; };
		BAF8A4041BD57C5A00443384 /* Base */ = {isa = PBXFileReference; lastKnownFileType = file.storyboard; name = Base; path = Base.lproj/LaunchScreen.storyboard; sourceTree = "<group>"; };
		BAF8A4061BD57C5A00443384 /* Info.plist */ = {isa = PBXFileReference; lastKnownFileType = text.plist.xml; path = Info.plist; sourceTree = "<group>"; };
		BAF8A40B1BD57C5A00443384 /* FinancesAppTests.xctest */ = {isa = PBXFileReference; explicitFileType = wrapper.cfbundle; includeInIndex = 0; path = FinancesAppTests.xctest; sourceTree = BUILT_PRODUCTS_DIR; };
		BAF8A40F1BD57C5A00443384 /* CategoryGatewayInMemoryTests.swift */ = {isa = PBXFileReference; lastKnownFileType = sourcecode.swift; path = CategoryGatewayInMemoryTests.swift; sourceTree = "<group>"; };
		BAF8A4111BD57C5A00443384 /* Info.plist */ = {isa = PBXFileReference; lastKnownFileType = text.plist.xml; path = Info.plist; sourceTree = "<group>"; };
		BAF8A4161BD57C5A00443384 /* FinancesAppUITests.xctest */ = {isa = PBXFileReference; explicitFileType = wrapper.cfbundle; includeInIndex = 0; path = FinancesAppUITests.xctest; sourceTree = BUILT_PRODUCTS_DIR; };
		BAF8A41A1BD57C5A00443384 /* FinancesAppUITests.swift */ = {isa = PBXFileReference; lastKnownFileType = sourcecode.swift; path = FinancesAppUITests.swift; sourceTree = "<group>"; };
		BAF8A41C1BD57C5A00443384 /* Info.plist */ = {isa = PBXFileReference; lastKnownFileType = text.plist.xml; path = Info.plist; sourceTree = "<group>"; };
		BAF8A42A1BD5814700443384 /* CategoryModel.swift */ = {isa = PBXFileReference; fileEncoding = 4; lastKnownFileType = sourcecode.swift; path = CategoryModel.swift; sourceTree = "<group>"; };
		BAF8A42D1BD5899900443384 /* CategoryGatewayProtocol.swift */ = {isa = PBXFileReference; fileEncoding = 4; lastKnownFileType = sourcecode.swift; path = CategoryGatewayProtocol.swift; sourceTree = "<group>"; };
		BAF8A4351BD58ADD00443384 /* ListCategoriesTableViewController.swift */ = {isa = PBXFileReference; fileEncoding = 4; lastKnownFileType = sourcecode.swift; path = ListCategoriesTableViewController.swift; sourceTree = "<group>"; };
		BAF8A4381BD597DC00443384 /* CategoryGatewayInMemory.swift */ = {isa = PBXFileReference; fileEncoding = 4; lastKnownFileType = sourcecode.swift; path = CategoryGatewayInMemory.swift; sourceTree = "<group>"; };
/* End PBXFileReference section */

/* Begin PBXFrameworksBuildPhase section */
		BAF8A3F41BD57C5A00443384 /* Frameworks */ = {
			isa = PBXFrameworksBuildPhase;
			buildActionMask = 2147483647;
			files = (
				91B4A7E04DE9FF0219D2447F /* Pods_FinancesApp.framework in Frameworks */,
			);
			runOnlyForDeploymentPostprocessing = 0;
		};
		BAF8A4081BD57C5A00443384 /* Frameworks */ = {
			isa = PBXFrameworksBuildPhase;
			buildActionMask = 2147483647;
			files = (
			);
			runOnlyForDeploymentPostprocessing = 0;
		};
		BAF8A4131BD57C5A00443384 /* Frameworks */ = {
			isa = PBXFrameworksBuildPhase;
			buildActionMask = 2147483647;
			files = (
			);
			runOnlyForDeploymentPostprocessing = 0;
		};
/* End PBXFrameworksBuildPhase section */

/* Begin PBXGroup section */
		BA02DD831BF91C370028417D /* Category */ = {
			isa = PBXGroup;
			children = (
				BAF8A42D1BD5899900443384 /* CategoryGatewayProtocol.swift */,
				BAF8A4381BD597DC00443384 /* CategoryGatewayInMemory.swift */,
				BAF8A42A1BD5814700443384 /* CategoryModel.swift */,
			);
			name = Category;
			sourceTree = "<group>";
		};
		BA02DD841BF91C970028417D /* Transaction */ = {
			isa = PBXGroup;
			children = (
				BA02DD811BF91AE10028417D /* TransactionModel.swift */,
				BA02DD851BF91D060028417D /* TransactionGatewayProtocol.swift */,
				BA02DD871BF91E0A0028417D /* TransactionGatewayInMemory.swift */,
			);
			name = Transaction;
			sourceTree = "<group>";
		};
		BA4955881BDC223B00169B4D /* View */ = {
			isa = PBXGroup;
			children = (
				BAF8A4011BD57C5A00443384 /* Assets.xcassets */,
				BAF8A3FE1BD57C5A00443384 /* Main.storyboard */,
				BAF8A4031BD57C5A00443384 /* LaunchScreen.storyboard */,
				BA49558D1BDC2F6D00169B4D /* App */,
			);
			name = View;
			sourceTree = "<group>";
		};
		BA4955891BDC2EC000169B4D /* View Model */ = {
			isa = PBXGroup;
			children = (
			);
			name = "View Model";
			sourceTree = "<group>";
		};
		BA49558A1BDC2ED600169B4D /* View Controller */ = {
			isa = PBXGroup;
			children = (
				BAC12CE41BE2337200AB3A31 /* Transaction */,
				BAC12CE31BE2336900AB3A31 /* Category */,
			);
			name = "View Controller";
			sourceTree = "<group>";
		};
		BA49558D1BDC2F6D00169B4D /* App */ = {
			isa = PBXGroup;
			children = (
				BAF8A3FA1BD57C5A00443384 /* AppDelegate.swift */,
				BAF8A4061BD57C5A00443384 /* Info.plist */,
			);
			name = App;
			sourceTree = "<group>";
		};
		BAC12CE31BE2336900AB3A31 /* Category */ = {
			isa = PBXGroup;
			children = (
				BAF8A4351BD58ADD00443384 /* ListCategoriesTableViewController.swift */,
				BA49558F1BDC372100169B4D /* NewCategoryTableViewController.swift */,
			);
			name = Category;
			sourceTree = "<group>";
		};
		BAC12CE41BE2337200AB3A31 /* Transaction */ = {
			isa = PBXGroup;
			children = (
				BAC12CE51BE233AF00AB3A31 /* TransactionsCollectionViewController.swift */,
			);
			name = Transaction;
			sourceTree = "<group>";
		};
		BAC12CE71BE23E6100AB3A31 /* Helpers */ = {
			isa = PBXGroup;
			children = (
				BAC12CE81BE23E7500AB3A31 /* Random.swift */,
			);
			name = Helpers;
			sourceTree = "<group>";
		};
		BAF8A3EE1BD57C5A00443384 = {
			isa = PBXGroup;
			children = (
				BAF8A3F91BD57C5A00443384 /* FinancesApp */,
				BAF8A40E1BD57C5A00443384 /* FinancesAppTests */,
				BAF8A4191BD57C5A00443384 /* FinancesAppUITests */,
				BAF8A3F81BD57C5A00443384 /* Products */,
				C49DC60124C4523B5FCF61CD /* Pods */,
				D6F7B7C61557CC17F5FF479F /* Frameworks */,
			);
			sourceTree = "<group>";
		};
		BAF8A3F81BD57C5A00443384 /* Products */ = {
			isa = PBXGroup;
			children = (
				BAF8A3F71BD57C5A00443384 /* FinancesApp.app */,
				BAF8A40B1BD57C5A00443384 /* FinancesAppTests.xctest */,
				BAF8A4161BD57C5A00443384 /* FinancesAppUITests.xctest */,
			);
			name = Products;
			sourceTree = "<group>";
		};
		BAF8A3F91BD57C5A00443384 /* FinancesApp */ = {
			isa = PBXGroup;
			children = (
				BAC12CE71BE23E6100AB3A31 /* Helpers */,
				BA4955881BDC223B00169B4D /* View */,
				BA49558A1BDC2ED600169B4D /* View Controller */,
				BA4955891BDC2EC000169B4D /* View Model */,
				BAF8A4291BD5812D00443384 /* Model */,
			);
			path = FinancesApp;
			sourceTree = "<group>";
		};
		BAF8A40E1BD57C5A00443384 /* FinancesAppTests */ = {
			isa = PBXGroup;
			children = (
				BAF8A40F1BD57C5A00443384 /* CategoryGatewayInMemoryTests.swift */,
				BAB4D2091BF2D97B00663D9E /* TransactionGatewayInMemoryTests.swift */,
				BAF8A4111BD57C5A00443384 /* Info.plist */,
			);
			path = FinancesAppTests;
			sourceTree = "<group>";
		};
		BAF8A4191BD57C5A00443384 /* FinancesAppUITests */ = {
			isa = PBXGroup;
			children = (
				BAF8A41A1BD57C5A00443384 /* FinancesAppUITests.swift */,
				BAF8A41C1BD57C5A00443384 /* Info.plist */,
			);
			path = FinancesAppUITests;
			sourceTree = "<group>";
		};
		BAF8A4291BD5812D00443384 /* Model */ = {
			isa = PBXGroup;
			children = (
				BA02DD831BF91C370028417D /* Category */,
				BA02DD841BF91C970028417D /* Transaction */,
			);
			name = Model;
			sourceTree = "<group>";
		};
		C49DC60124C4523B5FCF61CD /* Pods */ = {
			isa = PBXGroup;
			children = (
				0ABAD6067BC1FC3B7F990D60 /* Pods-FinancesApp.debug.xcconfig */,
				42D38624ED9862FAC03CC326 /* Pods-FinancesApp.release.xcconfig */,
			);
			name = Pods;
			sourceTree = "<group>";
		};
		D6F7B7C61557CC17F5FF479F /* Frameworks */ = {
			isa = PBXGroup;
			children = (
				60C03B105745BA6FD5D8F5B3 /* Pods_FinancesApp.framework */,
			);
			name = Frameworks;
			sourceTree = "<group>";
		};
/* End PBXGroup section */

/* Begin PBXNativeTarget section */
		BAF8A3F61BD57C5A00443384 /* FinancesApp */ = {
			isa = PBXNativeTarget;
			buildConfigurationList = BAF8A41F1BD57C5A00443384 /* Build configuration list for PBXNativeTarget "FinancesApp" */;
			buildPhases = (
				649E9A61380DD14687F173C4 /* Check Pods Manifest.lock */,
				BAF8A3F31BD57C5A00443384 /* Sources */,
				BAF8A3F41BD57C5A00443384 /* Frameworks */,
				BAF8A3F51BD57C5A00443384 /* Resources */,
				A10092E6C65BAB20A71C897F /* Embed Pods Frameworks */,
				8A54A3B368667B1B50D9D910 /* Copy Pods Resources */,
			);
			buildRules = (
			);
			dependencies = (
			);
			name = FinancesApp;
			productName = FinancesApp;
			productReference = BAF8A3F71BD57C5A00443384 /* FinancesApp.app */;
			productType = "com.apple.product-type.application";
		};
		BAF8A40A1BD57C5A00443384 /* FinancesAppTests */ = {
			isa = PBXNativeTarget;
			buildConfigurationList = BAF8A4221BD57C5A00443384 /* Build configuration list for PBXNativeTarget "FinancesAppTests" */;
			buildPhases = (
				BAF8A4071BD57C5A00443384 /* Sources */,
				BAF8A4081BD57C5A00443384 /* Frameworks */,
				BAF8A4091BD57C5A00443384 /* Resources */,
			);
			buildRules = (
			);
			dependencies = (
				BAF8A40D1BD57C5A00443384 /* PBXTargetDependency */,
			);
			name = FinancesAppTests;
			productName = FinancesAppTests;
			productReference = BAF8A40B1BD57C5A00443384 /* FinancesAppTests.xctest */;
			productType = "com.apple.product-type.bundle.unit-test";
		};
		BAF8A4151BD57C5A00443384 /* FinancesAppUITests */ = {
			isa = PBXNativeTarget;
			buildConfigurationList = BAF8A4251BD57C5A00443384 /* Build configuration list for PBXNativeTarget "FinancesAppUITests" */;
			buildPhases = (
				BAF8A4121BD57C5A00443384 /* Sources */,
				BAF8A4131BD57C5A00443384 /* Frameworks */,
				BAF8A4141BD57C5A00443384 /* Resources */,
			);
			buildRules = (
			);
			dependencies = (
				BAF8A4181BD57C5A00443384 /* PBXTargetDependency */,
			);
			name = FinancesAppUITests;
			productName = FinancesAppUITests;
			productReference = BAF8A4161BD57C5A00443384 /* FinancesAppUITests.xctest */;
			productType = "com.apple.product-type.bundle.ui-testing";
		};
/* End PBXNativeTarget section */

/* Begin PBXProject section */
		BAF8A3EF1BD57C5A00443384 /* Project object */ = {
			isa = PBXProject;
			attributes = {
				LastUpgradeCheck = 0700;
				ORGANIZATIONNAME = "Ricardo Gehrke Filho";
				TargetAttributes = {
					BAF8A3F61BD57C5A00443384 = {
						CreatedOnToolsVersion = 7.0.1;
						DevelopmentTeam = 758B6UF9NC;
					};
					BAF8A40A1BD57C5A00443384 = {
						CreatedOnToolsVersion = 7.0.1;
						TestTargetID = BAF8A3F61BD57C5A00443384;
					};
					BAF8A4151BD57C5A00443384 = {
						CreatedOnToolsVersion = 7.0.1;
						TestTargetID = BAF8A3F61BD57C5A00443384;
					};
				};
			};
			buildConfigurationList = BAF8A3F21BD57C5A00443384 /* Build configuration list for PBXProject "FinancesApp" */;
			compatibilityVersion = "Xcode 3.2";
			developmentRegion = English;
			hasScannedForEncodings = 0;
			knownRegions = (
				en,
				Base,
			);
			mainGroup = BAF8A3EE1BD57C5A00443384;
			productRefGroup = BAF8A3F81BD57C5A00443384 /* Products */;
			projectDirPath = "";
			projectRoot = "";
			targets = (
				BAF8A3F61BD57C5A00443384 /* FinancesApp */,
				BAF8A40A1BD57C5A00443384 /* FinancesAppTests */,
				BAF8A4151BD57C5A00443384 /* FinancesAppUITests */,
			);
		};
/* End PBXProject section */

/* Begin PBXResourcesBuildPhase section */
		BAF8A3F51BD57C5A00443384 /* Resources */ = {
			isa = PBXResourcesBuildPhase;
			buildActionMask = 2147483647;
			files = (
				BAF8A4051BD57C5A00443384 /* LaunchScreen.storyboard in Resources */,
				BAF8A4021BD57C5A00443384 /* Assets.xcassets in Resources */,
				BAF8A4001BD57C5A00443384 /* Main.storyboard in Resources */,
			);
			runOnlyForDeploymentPostprocessing = 0;
		};
		BAF8A4091BD57C5A00443384 /* Resources */ = {
			isa = PBXResourcesBuildPhase;
			buildActionMask = 2147483647;
			files = (
			);
			runOnlyForDeploymentPostprocessing = 0;
		};
		BAF8A4141BD57C5A00443384 /* Resources */ = {
			isa = PBXResourcesBuildPhase;
			buildActionMask = 2147483647;
			files = (
			);
			runOnlyForDeploymentPostprocessing = 0;
		};
/* End PBXResourcesBuildPhase section */

/* Begin PBXShellScriptBuildPhase section */
		649E9A61380DD14687F173C4 /* Check Pods Manifest.lock */ = {
			isa = PBXShellScriptBuildPhase;
			buildActionMask = 2147483647;
			files = (
			);
			inputPaths = (
			);
			name = "Check Pods Manifest.lock";
			outputPaths = (
			);
			runOnlyForDeploymentPostprocessing = 0;
			shellPath = /bin/sh;
			shellScript = "diff \"${PODS_ROOT}/../Podfile.lock\" \"${PODS_ROOT}/Manifest.lock\" > /dev/null\nif [[ $? != 0 ]] ; then\n    cat << EOM\nerror: The sandbox is not in sync with the Podfile.lock. Run 'pod install' or update your CocoaPods installation.\nEOM\n    exit 1\nfi\n";
			showEnvVarsInLog = 0;
		};
		8A54A3B368667B1B50D9D910 /* Copy Pods Resources */ = {
			isa = PBXShellScriptBuildPhase;
			buildActionMask = 2147483647;
			files = (
			);
			inputPaths = (
			);
			name = "Copy Pods Resources";
			outputPaths = (
			);
			runOnlyForDeploymentPostprocessing = 0;
			shellPath = /bin/sh;
			shellScript = "\"${SRCROOT}/Pods/Target Support Files/Pods-FinancesApp/Pods-FinancesApp-resources.sh\"\n";
			showEnvVarsInLog = 0;
		};
		A10092E6C65BAB20A71C897F /* Embed Pods Frameworks */ = {
			isa = PBXShellScriptBuildPhase;
			buildActionMask = 2147483647;
			files = (
			);
			inputPaths = (
			);
			name = "Embed Pods Frameworks";
			outputPaths = (
			);
			runOnlyForDeploymentPostprocessing = 0;
			shellPath = /bin/sh;
			shellScript = "\"${SRCROOT}/Pods/Target Support Files/Pods-FinancesApp/Pods-FinancesApp-frameworks.sh\"\n";
			showEnvVarsInLog = 0;
		};
/* End PBXShellScriptBuildPhase section */

/* Begin PBXSourcesBuildPhase section */
		BAF8A3F31BD57C5A00443384 /* Sources */ = {
			isa = PBXSourcesBuildPhase;
			buildActionMask = 2147483647;
			files = (
				BA02DD821BF91AE10028417D /* TransactionModel.swift in Sources */,
				BAF8A42E1BD5899900443384 /* CategoryGatewayProtocol.swift in Sources */,
				BAF8A3FB1BD57C5A00443384 /* AppDelegate.swift in Sources */,
				BAF8A4391BD597DC00443384 /* CategoryGatewayInMemory.swift in Sources */,
				BA02DD861BF91D060028417D /* TransactionGatewayProtocol.swift in Sources */,
				BAC12CE91BE23E7500AB3A31 /* Random.swift in Sources */,
				BAF8A42B1BD5814700443384 /* CategoryModel.swift in Sources */,
				BA4955901BDC372100169B4D /* NewCategoryTableViewController.swift in Sources */,
				BAC12CE61BE233AF00AB3A31 /* TransactionsCollectionViewController.swift in Sources */,
				BA02DD881BF91E0A0028417D /* TransactionGatewayInMemory.swift in Sources */,
				BAF8A4361BD58ADD00443384 /* ListCategoriesTableViewController.swift in Sources */,
			);
			runOnlyForDeploymentPostprocessing = 0;
		};
		BAF8A4071BD57C5A00443384 /* Sources */ = {
			isa = PBXSourcesBuildPhase;
			buildActionMask = 2147483647;
			files = (
				BAF8A4101BD57C5A00443384 /* CategoryGatewayInMemoryTests.swift in Sources */,
				BAB4D20A1BF2D97C00663D9E /* TransactionGatewayInMemoryTests.swift in Sources */,
			);
			runOnlyForDeploymentPostprocessing = 0;
		};
		BAF8A4121BD57C5A00443384 /* Sources */ = {
			isa = PBXSourcesBuildPhase;
			buildActionMask = 2147483647;
			files = (
				BAF8A41B1BD57C5A00443384 /* FinancesAppUITests.swift in Sources */,
			);
			runOnlyForDeploymentPostprocessing = 0;
		};
/* End PBXSourcesBuildPhase section */

/* Begin PBXTargetDependency section */
		BAF8A40D1BD57C5A00443384 /* PBXTargetDependency */ = {
			isa = PBXTargetDependency;
			target = BAF8A3F61BD57C5A00443384 /* FinancesApp */;
			targetProxy = BAF8A40C1BD57C5A00443384 /* PBXContainerItemProxy */;
		};
		BAF8A4181BD57C5A00443384 /* PBXTargetDependency */ = {
			isa = PBXTargetDependency;
			target = BAF8A3F61BD57C5A00443384 /* FinancesApp */;
			targetProxy = BAF8A4171BD57C5A00443384 /* PBXContainerItemProxy */;
		};
/* End PBXTargetDependency section */

/* Begin PBXVariantGroup section */
		BAF8A3FE1BD57C5A00443384 /* Main.storyboard */ = {
			isa = PBXVariantGroup;
			children = (
				BAF8A3FF1BD57C5A00443384 /* Base */,
			);
			name = Main.storyboard;
			sourceTree = "<group>";
		};
		BAF8A4031BD57C5A00443384 /* LaunchScreen.storyboard */ = {
			isa = PBXVariantGroup;
			children = (
				BAF8A4041BD57C5A00443384 /* Base */,
			);
			name = LaunchScreen.storyboard;
			sourceTree = "<group>";
		};
/* End PBXVariantGroup section */

/* Begin XCBuildConfiguration section */
		BAF8A41D1BD57C5A00443384 /* Debug */ = {
			isa = XCBuildConfiguration;
			buildSettings = {
				ALWAYS_SEARCH_USER_PATHS = NO;
				CLANG_CXX_LANGUAGE_STANDARD = "gnu++0x";
				CLANG_CXX_LIBRARY = "libc++";
				CLANG_ENABLE_MODULES = YES;
				CLANG_ENABLE_OBJC_ARC = YES;
				CLANG_WARN_BOOL_CONVERSION = YES;
				CLANG_WARN_CONSTANT_CONVERSION = YES;
				CLANG_WARN_DIRECT_OBJC_ISA_USAGE = YES_ERROR;
				CLANG_WARN_EMPTY_BODY = YES;
				CLANG_WARN_ENUM_CONVERSION = YES;
				CLANG_WARN_INT_CONVERSION = YES;
				CLANG_WARN_OBJC_ROOT_CLASS = YES_ERROR;
				CLANG_WARN_UNREACHABLE_CODE = YES;
				CLANG_WARN__DUPLICATE_METHOD_MATCH = YES;
				"CODE_SIGN_IDENTITY[sdk=iphoneos*]" = "iPhone Developer";
				COPY_PHASE_STRIP = NO;
				DEBUG_INFORMATION_FORMAT = dwarf;
				ENABLE_STRICT_OBJC_MSGSEND = YES;
				ENABLE_TESTABILITY = YES;
				GCC_C_LANGUAGE_STANDARD = gnu99;
				GCC_DYNAMIC_NO_PIC = NO;
				GCC_NO_COMMON_BLOCKS = YES;
				GCC_OPTIMIZATION_LEVEL = 0;
				GCC_PREPROCESSOR_DEFINITIONS = (
					"DEBUG=1",
					"$(inherited)",
				);
				GCC_WARN_64_TO_32_BIT_CONVERSION = YES;
				GCC_WARN_ABOUT_RETURN_TYPE = YES_ERROR;
				GCC_WARN_UNDECLARED_SELECTOR = YES;
				GCC_WARN_UNINITIALIZED_AUTOS = YES_AGGRESSIVE;
				GCC_WARN_UNUSED_FUNCTION = YES;
				GCC_WARN_UNUSED_VARIABLE = YES;
				IPHONEOS_DEPLOYMENT_TARGET = 9.0;
				MTL_ENABLE_DEBUG_INFO = YES;
				ONLY_ACTIVE_ARCH = YES;
				SDKROOT = iphoneos;
				SWIFT_OPTIMIZATION_LEVEL = "-Onone";
				TARGETED_DEVICE_FAMILY = "1,2";
			};
			name = Debug;
		};
		BAF8A41E1BD57C5A00443384 /* Release */ = {
			isa = XCBuildConfiguration;
			buildSettings = {
				ALWAYS_SEARCH_USER_PATHS = NO;
				CLANG_CXX_LANGUAGE_STANDARD = "gnu++0x";
				CLANG_CXX_LIBRARY = "libc++";
				CLANG_ENABLE_MODULES = YES;
				CLANG_ENABLE_OBJC_ARC = YES;
				CLANG_WARN_BOOL_CONVERSION = YES;
				CLANG_WARN_CONSTANT_CONVERSION = YES;
				CLANG_WARN_DIRECT_OBJC_ISA_USAGE = YES_ERROR;
				CLANG_WARN_EMPTY_BODY = YES;
				CLANG_WARN_ENUM_CONVERSION = YES;
				CLANG_WARN_INT_CONVERSION = YES;
				CLANG_WARN_OBJC_ROOT_CLASS = YES_ERROR;
				CLANG_WARN_UNREACHABLE_CODE = YES;
				CLANG_WARN__DUPLICATE_METHOD_MATCH = YES;
				"CODE_SIGN_IDENTITY[sdk=iphoneos*]" = "iPhone Developer";
				COPY_PHASE_STRIP = NO;
				DEBUG_INFORMATION_FORMAT = "dwarf-with-dsym";
				ENABLE_NS_ASSERTIONS = NO;
				ENABLE_STRICT_OBJC_MSGSEND = YES;
				GCC_C_LANGUAGE_STANDARD = gnu99;
				GCC_NO_COMMON_BLOCKS = YES;
				GCC_WARN_64_TO_32_BIT_CONVERSION = YES;
				GCC_WARN_ABOUT_RETURN_TYPE = YES_ERROR;
				GCC_WARN_UNDECLARED_SELECTOR = YES;
				GCC_WARN_UNINITIALIZED_AUTOS = YES_AGGRESSIVE;
				GCC_WARN_UNUSED_FUNCTION = YES;
				GCC_WARN_UNUSED_VARIABLE = YES;
				IPHONEOS_DEPLOYMENT_TARGET = 9.0;
				MTL_ENABLE_DEBUG_INFO = NO;
				SDKROOT = iphoneos;
				TARGETED_DEVICE_FAMILY = "1,2";
				VALIDATE_PRODUCT = YES;
			};
			name = Release;
		};
		BAF8A4201BD57C5A00443384 /* Debug */ = {
			isa = XCBuildConfiguration;
			baseConfigurationReference = 0ABAD6067BC1FC3B7F990D60 /* Pods-FinancesApp.debug.xcconfig */;
			buildSettings = {
				ASSETCATALOG_COMPILER_APPICON_NAME = AppIcon;
				CODE_SIGN_IDENTITY = "iPhone Developer";
				"CODE_SIGN_IDENTITY[sdk=iphoneos*]" = "iPhone Developer";
				INFOPLIST_FILE = FinancesApp/Info.plist;
				LD_RUNPATH_SEARCH_PATHS = "$(inherited) @executable_path/Frameworks";
				PRODUCT_BUNDLE_IDENTIFIER = br.com.ricardo0100.FinancesApp;
				PRODUCT_NAME = "$(TARGET_NAME)";
				PROVISIONING_PROFILE = "";
			};
			name = Debug;
		};
		BAF8A4211BD57C5A00443384 /* Release */ = {
			isa = XCBuildConfiguration;
			baseConfigurationReference = 42D38624ED9862FAC03CC326 /* Pods-FinancesApp.release.xcconfig */;
			buildSettings = {
				ASSETCATALOG_COMPILER_APPICON_NAME = AppIcon;
				CODE_SIGN_IDENTITY = "iPhone Developer";
				"CODE_SIGN_IDENTITY[sdk=iphoneos*]" = "iPhone Developer";
				INFOPLIST_FILE = FinancesApp/Info.plist;
				LD_RUNPATH_SEARCH_PATHS = "$(inherited) @executable_path/Frameworks";
				PRODUCT_BUNDLE_IDENTIFIER = br.com.ricardo0100.FinancesApp;
				PRODUCT_NAME = "$(TARGET_NAME)";
				PROVISIONING_PROFILE = "";
			};
			name = Release;
		};
		BAF8A4231BD57C5A00443384 /* Debug */ = {
			isa = XCBuildConfiguration;
			buildSettings = {
				BUNDLE_LOADER = "$(TEST_HOST)";
				INFOPLIST_FILE = FinancesAppTests/Info.plist;
				LD_RUNPATH_SEARCH_PATHS = "$(inherited) @executable_path/Frameworks @loader_path/Frameworks";
				PRODUCT_BUNDLE_IDENTIFIER = br.com.ricardo0100.FinancesAppTests;
				PRODUCT_NAME = "$(TARGET_NAME)";
				TEST_HOST = "$(BUILT_PRODUCTS_DIR)/FinancesApp.app/FinancesApp";
			};
			name = Debug;
		};
		BAF8A4241BD57C5A00443384 /* Release */ = {
			isa = XCBuildConfiguration;
			buildSettings = {
				BUNDLE_LOADER = "$(TEST_HOST)";
				INFOPLIST_FILE = FinancesAppTests/Info.plist;
				LD_RUNPATH_SEARCH_PATHS = "$(inherited) @executable_path/Frameworks @loader_path/Frameworks";
				PRODUCT_BUNDLE_IDENTIFIER = br.com.ricardo0100.FinancesAppTests;
				PRODUCT_NAME = "$(TARGET_NAME)";
				TEST_HOST = "$(BUILT_PRODUCTS_DIR)/FinancesApp.app/FinancesApp";
			};
			name = Release;
		};
		BAF8A4261BD57C5A00443384 /* Debug */ = {
			isa = XCBuildConfiguration;
			buildSettings = {
				INFOPLIST_FILE = FinancesAppUITests/Info.plist;
				LD_RUNPATH_SEARCH_PATHS = "$(inherited) @executable_path/Frameworks @loader_path/Frameworks";
				PRODUCT_BUNDLE_IDENTIFIER = br.com.ricardo0100.FinancesAppUITests;
				PRODUCT_NAME = "$(TARGET_NAME)";
				TEST_TARGET_NAME = FinancesApp;
				USES_XCTRUNNER = YES;
			};
			name = Debug;
		};
		BAF8A4271BD57C5A00443384 /* Release */ = {
			isa = XCBuildConfiguration;
			buildSettings = {
				INFOPLIST_FILE = FinancesAppUITests/Info.plist;
				LD_RUNPATH_SEARCH_PATHS = "$(inherited) @executable_path/Frameworks @loader_path/Frameworks";
				PRODUCT_BUNDLE_IDENTIFIER = br.com.ricardo0100.FinancesAppUITests;
				PRODUCT_NAME = "$(TARGET_NAME)";
				TEST_TARGET_NAME = FinancesApp;
				USES_XCTRUNNER = YES;
			};
			name = Release;
		};
/* End XCBuildConfiguration section */

/* Begin XCConfigurationList section */
		BAF8A3F21BD57C5A00443384 /* Build configuration list for PBXProject "FinancesApp" */ = {
			isa = XCConfigurationList;
			buildConfigurations = (
				BAF8A41D1BD57C5A00443384 /* Debug */,
				BAF8A41E1BD57C5A00443384 /* Release */,
			);
			defaultConfigurationIsVisible = 0;
			defaultConfigurationName = Release;
		};
		BAF8A41F1BD57C5A00443384 /* Build configuration list for PBXNativeTarget "FinancesApp" */ = {
			isa = XCConfigurationList;
			buildConfigurations = (
				BAF8A4201BD57C5A00443384 /* Debug */,
				BAF8A4211BD57C5A00443384 /* Release */,
			);
			defaultConfigurationIsVisible = 0;
			defaultConfigurationName = Release;
		};
		BAF8A4221BD57C5A00443384 /* Build configuration list for PBXNativeTarget "FinancesAppTests" */ = {
			isa = XCConfigurationList;
			buildConfigurations = (
				BAF8A4231BD57C5A00443384 /* Debug */,
				BAF8A4241BD57C5A00443384 /* Release */,
			);
			defaultConfigurationIsVisible = 0;
			defaultConfigurationName = Release;
		};
		BAF8A4251BD57C5A00443384 /* Build configuration list for PBXNativeTarget "FinancesAppUITests" */ = {
			isa = XCConfigurationList;
			buildConfigurations = (
				BAF8A4261BD57C5A00443384 /* Debug */,
				BAF8A4271BD57C5A00443384 /* Release */,
			);
			defaultConfigurationIsVisible = 0;
			defaultConfigurationName = Release;
		};
/* End XCConfigurationList section */
	};
	rootObject = BAF8A3EF1BD57C5A00443384 /* Project object */;
}
